{
    "requires": true,
    "lockfileVersion": 1,
    "dependencies": {
        "aws4fetch": {
            "version": "1.0.0",
            "resolved": "https://registry.npmjs.org/aws4fetch/-/aws4fetch-1.0.0.tgz",
            "integrity": "sha512-QsZzkthE9pUSGkJi6fDlwZQQLdXjs/BPbdz4tJ/IG+tNbOuBRGA+drpLhQxgKHFDDIYPAvhXwe85Wg6qvgU3tA=="
        }
    }
}
